
Microsoft Visual Studio Solution File, Format Version 12.00
# Visual Studio Version 16
VisualStudioVersion = 16.0.29503.13
MinimumVisualStudioVersion = 10.0.40219.1
Project("{FAE04EC0-301F-11D3-BF4B-00C04F79EFBC}") = "EmployeeApp", "EmployeeApp\EmployeeApp.csproj", "{EDB5B297-7756-41C6-B9C4-6A17074C048D}"
EndProject
Global
	GlobalSection(SolutionConfigurationPlatforms) = preSolution
		Debug|Any CPU = Debug|Any CPU
		Release|Any CPU = Release|Any CPU
	EndGlobalSection
	GlobalSection(ProjectConfigurationPlatforms) = postSolution
		{EDB5B297-7756-41C6-B9C4-6A17074C048D}.Debug|Any CPU.ActiveCfg = Debug|Any CPU
		{EDB5B297-7756-41C6-B9C4-6A17074C048D}.Debug|Any CPU.Build.0 = Debug|Any CPU
		{EDB5B297-7756-41C6-B9C4-6A17074C048D}.Release|Any CPU.ActiveCfg = Release|Any CPU
		{EDB5B297-7756-41C6-B9C4-6A17074C048D}.Release|Any CPU.Build.0 = Release|Any CPU
	EndGlobalSection
	GlobalSection(SolutionProperties) = preSolution
		HideSolutionNode = FALSE
	EndGlobalSection
	GlobalSection(ExtensibilityGlobals) = postSolution
		SolutionGuid = {1DD1F644-92D2-4234-8764-0CD51BA76E9E}
	EndGlobalSection
EndGlobal
